
Microsoft Visual Studio Solution File, Format Version 12.00
# Visual Studio Version 17
VisualStudioVersion = 17.5.33530.505
MinimumVisualStudioVersion = 10.0.40219.1
Project("{2150E333-8FDC-42A3-9474-1A3956D46DE8}") = "src", "src", "{6A15CAEA-B0AD-45D0-9825-A566DC0C1024}"
EndProject
Project("{9A19103F-16F7-4668-BE54-9A1E7A4F7556}") = "OpenAI.Polly", "src\OpenAI.Polly\OpenAI.Polly.csproj", "{9DAD5E79-9844-4106-B292-2F2D581153B3}"
EndProject
Project("{2150E333-8FDC-42A3-9474-1A3956D46DE8}") = "examples", "examples", "{C7979547-CE62-4867-9193-515930DAB839}"
	ProjectSection(SolutionItems) = preProject
		examples\chats.txt = examples\chats.txt
	EndProjectSection
EndProject
Project("{2150E333-8FDC-42A3-9474-1A3956D46DE8}") = "Solution Items", "Solution Items", "{D17ACB52-AF08-433D-987B-7E0362C208BD}"
	ProjectSection(SolutionItems) = preProject
		README.md = README.md
	EndProjectSection
EndProject
Project("{9A19103F-16F7-4668-BE54-9A1E7A4F7556}") = "CosineSimilarity", "examples\CosineSimilarity\CosineSimilarity.csproj", "{3A1B4EAB-CB28-4215-9CDB-72798A5DEA06}"
EndProject
Project("{9A19103F-16F7-4668-BE54-9A1E7A4F7556}") = "TikTokenExample", "examples\TikTokenExample\TikTokenExample.csproj", "{3DA0325A-1AD5-4A70-83CC-F179EC52F8E1}"
EndProject
Project("{9A19103F-16F7-4668-BE54-9A1E7A4F7556}") = "TextSplitter", "examples\TextSplitter\TextSplitter.csproj", "{DE36B2E8-BD22-4382-9594-C442AADA2A9F}"
EndProject
Project("{9A19103F-16F7-4668-BE54-9A1E7A4F7556}") = "TextSplitter.Tests", "examples\TextSplitter.Tests\TextSplitter.Tests.csproj", "{CB0806F7-5460-4CCD-B1FA-301A401F3231}"
EndProject
Project("{9A19103F-16F7-4668-BE54-9A1E7A4F7556}") = "TestProject1", "examples\TestProject1\TestProject1.csproj", "{31618F87-A559-4CF8-A2C2-C80873BDAD35}"
EndProject
Project("{9A19103F-16F7-4668-BE54-9A1E7A4F7556}") = "PdfSearch.Redis", "examples\PdfSearch.Redis\PdfSearch.Redis.csproj", "{42B78D5C-4C71-488C-A871-ABE893650F5A}"
EndProject
Project("{9A19103F-16F7-4668-BE54-9A1E7A4F7556}") = "PdfSearch.SQL", "examples\PdfSearch.SQL\PdfSearch.SQL.csproj", "{9355A13F-AD1E-4ABC-8D75-72054B993AB0}"
EndProject
Project("{9A19103F-16F7-4668-BE54-9A1E7A4F7556}") = "PdfSearch.Sqlite", "examples\PdfSearch.Sqlite\PdfSearch.Sqlite.csproj", "{E72D6E0E-CDD8-4AB7-BB6D-25E365A3C573}"
EndProject
Project("{9A19103F-16F7-4668-BE54-9A1E7A4F7556}") = "PdfSearch.MauiApp", "examples\PdfSearch.MauiApp\PdfSearch.MauiApp.csproj", "{4DE34480-54F6-438A-805F-8AC18FD8F836}"
EndProject
Global
	GlobalSection(SolutionConfigurationPlatforms) = preSolution
		Debug|Any CPU = Debug|Any CPU
		Release|Any CPU = Release|Any CPU
	EndGlobalSection
	GlobalSection(ProjectConfigurationPlatforms) = postSolution
		{9DAD5E79-9844-4106-B292-2F2D581153B3}.Debug|Any CPU.ActiveCfg = Debug|Any CPU
		{9DAD5E79-9844-4106-B292-2F2D581153B3}.Debug|Any CPU.Build.0 = Debug|Any CPU
		{9DAD5E79-9844-4106-B292-2F2D581153B3}.Release|Any CPU.ActiveCfg = Release|Any CPU
		{9DAD5E79-9844-4106-B292-2F2D581153B3}.Release|Any CPU.Build.0 = Release|Any CPU
		{3A1B4EAB-CB28-4215-9CDB-72798A5DEA06}.Debug|Any CPU.ActiveCfg = Debug|Any CPU
		{3A1B4EAB-CB28-4215-9CDB-72798A5DEA06}.Debug|Any CPU.Build.0 = Debug|Any CPU
		{3A1B4EAB-CB28-4215-9CDB-72798A5DEA06}.Release|Any CPU.ActiveCfg = Release|Any CPU
		{3A1B4EAB-CB28-4215-9CDB-72798A5DEA06}.Release|Any CPU.Build.0 = Release|Any CPU
		{3DA0325A-1AD5-4A70-83CC-F179EC52F8E1}.Debug|Any CPU.ActiveCfg = Debug|Any CPU
		{3DA0325A-1AD5-4A70-83CC-F179EC52F8E1}.Debug|Any CPU.Build.0 = Debug|Any CPU
		{3DA0325A-1AD5-4A70-83CC-F179EC52F8E1}.Release|Any CPU.ActiveCfg = Release|Any CPU
		{3DA0325A-1AD5-4A70-83CC-F179EC52F8E1}.Release|Any CPU.Build.0 = Release|Any CPU
		{DE36B2E8-BD22-4382-9594-C442AADA2A9F}.Debug|Any CPU.ActiveCfg = Debug|Any CPU
		{DE36B2E8-BD22-4382-9594-C442AADA2A9F}.Debug|Any CPU.Build.0 = Debug|Any CPU
		{DE36B2E8-BD22-4382-9594-C442AADA2A9F}.Release|Any CPU.ActiveCfg = Release|Any CPU
		{DE36B2E8-BD22-4382-9594-C442AADA2A9F}.Release|Any CPU.Build.0 = Release|Any CPU
		{CB0806F7-5460-4CCD-B1FA-301A401F3231}.Debug|Any CPU.ActiveCfg = Debug|Any CPU
		{CB0806F7-5460-4CCD-B1FA-301A401F3231}.Debug|Any CPU.Build.0 = Debug|Any CPU
		{CB0806F7-5460-4CCD-B1FA-301A401F3231}.Release|Any CPU.ActiveCfg = Release|Any CPU
		{CB0806F7-5460-4CCD-B1FA-301A401F3231}.Release|Any CPU.Build.0 = Release|Any CPU
		{31618F87-A559-4CF8-A2C2-C80873BDAD35}.Debug|Any CPU.ActiveCfg = Debug|Any CPU
		{31618F87-A559-4CF8-A2C2-C80873BDAD35}.Debug|Any CPU.Build.0 = Debug|Any CPU
		{31618F87-A559-4CF8-A2C2-C80873BDAD35}.Release|Any CPU.ActiveCfg = Release|Any CPU
		{31618F87-A559-4CF8-A2C2-C80873BDAD35}.Release|Any CPU.Build.0 = Release|Any CPU
		{42B78D5C-4C71-488C-A871-ABE893650F5A}.Debug|Any CPU.ActiveCfg = Debug|Any CPU
		{42B78D5C-4C71-488C-A871-ABE893650F5A}.Debug|Any CPU.Build.0 = Debug|Any CPU
		{42B78D5C-4C71-488C-A871-ABE893650F5A}.Release|Any CPU.ActiveCfg = Release|Any CPU
		{42B78D5C-4C71-488C-A871-ABE893650F5A}.Release|Any CPU.Build.0 = Release|Any CPU
		{9355A13F-AD1E-4ABC-8D75-72054B993AB0}.Debug|Any CPU.ActiveCfg = Debug|Any CPU
		{9355A13F-AD1E-4ABC-8D75-72054B993AB0}.Debug|Any CPU.Build.0 = Debug|Any CPU
		{9355A13F-AD1E-4ABC-8D75-72054B993AB0}.Release|Any CPU.ActiveCfg = Release|Any CPU
		{9355A13F-AD1E-4ABC-8D75-72054B993AB0}.Release|Any CPU.Build.0 = Release|Any CPU
		{E72D6E0E-CDD8-4AB7-BB6D-25E365A3C573}.Debug|Any CPU.ActiveCfg = Debug|Any CPU
		{E72D6E0E-CDD8-4AB7-BB6D-25E365A3C573}.Debug|Any CPU.Build.0 = Debug|Any CPU
		{E72D6E0E-CDD8-4AB7-BB6D-25E365A3C573}.Release|Any CPU.ActiveCfg = Release|Any CPU
		{E72D6E0E-CDD8-4AB7-BB6D-25E365A3C573}.Release|Any CPU.Build.0 = Release|Any CPU
		{4DE34480-54F6-438A-805F-8AC18FD8F836}.Debug|Any CPU.ActiveCfg = Debug|Any CPU
		{4DE34480-54F6-438A-805F-8AC18FD8F836}.Debug|Any CPU.Build.0 = Debug|Any CPU
		{4DE34480-54F6-438A-805F-8AC18FD8F836}.Debug|Any CPU.Deploy.0 = Debug|Any CPU
		{4DE34480-54F6-438A-805F-8AC18FD8F836}.Release|Any CPU.ActiveCfg = Release|Any CPU
		{4DE34480-54F6-438A-805F-8AC18FD8F836}.Release|Any CPU.Build.0 = Release|Any CPU
		{4DE34480-54F6-438A-805F-8AC18FD8F836}.Release|Any CPU.Deploy.0 = Release|Any CPU
	EndGlobalSection
	GlobalSection(SolutionProperties) = preSolution
		HideSolutionNode = FALSE
	EndGlobalSection
	GlobalSection(NestedProjects) = preSolution
		{9DAD5E79-9844-4106-B292-2F2D581153B3} = {6A15CAEA-B0AD-45D0-9825-A566DC0C1024}
		{3A1B4EAB-CB28-4215-9CDB-72798A5DEA06} = {C7979547-CE62-4867-9193-515930DAB839}
		{3DA0325A-1AD5-4A70-83CC-F179EC52F8E1} = {C7979547-CE62-4867-9193-515930DAB839}
		{DE36B2E8-BD22-4382-9594-C442AADA2A9F} = {C7979547-CE62-4867-9193-515930DAB839}
		{CB0806F7-5460-4CCD-B1FA-301A401F3231} = {C7979547-CE62-4867-9193-515930DAB839}
		{31618F87-A559-4CF8-A2C2-C80873BDAD35} = {C7979547-CE62-4867-9193-515930DAB839}
		{42B78D5C-4C71-488C-A871-ABE893650F5A} = {C7979547-CE62-4867-9193-515930DAB839}
		{9355A13F-AD1E-4ABC-8D75-72054B993AB0} = {C7979547-CE62-4867-9193-515930DAB839}
		{E72D6E0E-CDD8-4AB7-BB6D-25E365A3C573} = {C7979547-CE62-4867-9193-515930DAB839}
		{4DE34480-54F6-438A-805F-8AC18FD8F836} = {C7979547-CE62-4867-9193-515930DAB839}
	EndGlobalSection
	GlobalSection(ExtensibilityGlobals) = postSolution
		SolutionGuid = {B7B3F524-4422-4188-9E39-03C5A698219E}
	EndGlobalSection
EndGlobal
