
Microsoft Visual Studio Solution File, Format Version 12.00
# Visual Studio Version 17
VisualStudioVersion = 17.5.33530.505
MinimumVisualStudioVersion = 10.0.40219.1
Project("{2150E333-8FDC-42A3-9474-1A3956D46DE8}") = "src", "src", "{6A15CAEA-B0AD-45D0-9825-A566DC0C1024}"
EndProject
Project("{9A19103F-16F7-4668-BE54-9A1E7A4F7556}") = "OpenAI.Polly", "src\OpenAI.Polly\OpenAI.Polly.csproj", "{9DAD5E79-9844-4106-B292-2F2D581153B3}"
EndProject
Project("{2150E333-8FDC-42A3-9474-1A3956D46DE8}") = "examples", "examples", "{C7979547-CE62-4867-9193-515930DAB839}"
EndProject
Project("{9A19103F-16F7-4668-BE54-9A1E7A4F7556}") = "LangChain.Example", "examples\LangChain.Example\LangChain.Example.csproj", "{7E1738B0-6F29-4D72-9C74-0B707C6CD5FB}"
EndProject
Project("{2150E333-8FDC-42A3-9474-1A3956D46DE8}") = "Solution Items", "Solution Items", "{D17ACB52-AF08-433D-987B-7E0362C208BD}"
	ProjectSection(SolutionItems) = preProject
		README.md = README.md
	EndProjectSection
EndProject
Project("{9A19103F-16F7-4668-BE54-9A1E7A4F7556}") = "CosineSimilarity", "examples\CosineSimilarity\CosineSimilarity.csproj", "{3A1B4EAB-CB28-4215-9CDB-72798A5DEA06}"
EndProject
Global
	GlobalSection(SolutionConfigurationPlatforms) = preSolution
		Debug|Any CPU = Debug|Any CPU
		Release|Any CPU = Release|Any CPU
	EndGlobalSection
	GlobalSection(ProjectConfigurationPlatforms) = postSolution
		{9DAD5E79-9844-4106-B292-2F2D581153B3}.Debug|Any CPU.ActiveCfg = Debug|Any CPU
		{9DAD5E79-9844-4106-B292-2F2D581153B3}.Debug|Any CPU.Build.0 = Debug|Any CPU
		{9DAD5E79-9844-4106-B292-2F2D581153B3}.Release|Any CPU.ActiveCfg = Release|Any CPU
		{9DAD5E79-9844-4106-B292-2F2D581153B3}.Release|Any CPU.Build.0 = Release|Any CPU
		{7E1738B0-6F29-4D72-9C74-0B707C6CD5FB}.Debug|Any CPU.ActiveCfg = Debug|Any CPU
		{7E1738B0-6F29-4D72-9C74-0B707C6CD5FB}.Debug|Any CPU.Build.0 = Debug|Any CPU
		{7E1738B0-6F29-4D72-9C74-0B707C6CD5FB}.Release|Any CPU.ActiveCfg = Release|Any CPU
		{7E1738B0-6F29-4D72-9C74-0B707C6CD5FB}.Release|Any CPU.Build.0 = Release|Any CPU
		{3A1B4EAB-CB28-4215-9CDB-72798A5DEA06}.Debug|Any CPU.ActiveCfg = Debug|Any CPU
		{3A1B4EAB-CB28-4215-9CDB-72798A5DEA06}.Debug|Any CPU.Build.0 = Debug|Any CPU
		{3A1B4EAB-CB28-4215-9CDB-72798A5DEA06}.Release|Any CPU.ActiveCfg = Release|Any CPU
		{3A1B4EAB-CB28-4215-9CDB-72798A5DEA06}.Release|Any CPU.Build.0 = Release|Any CPU
	EndGlobalSection
	GlobalSection(SolutionProperties) = preSolution
		HideSolutionNode = FALSE
	EndGlobalSection
	GlobalSection(NestedProjects) = preSolution
		{9DAD5E79-9844-4106-B292-2F2D581153B3} = {6A15CAEA-B0AD-45D0-9825-A566DC0C1024}
		{7E1738B0-6F29-4D72-9C74-0B707C6CD5FB} = {C7979547-CE62-4867-9193-515930DAB839}
		{3A1B4EAB-CB28-4215-9CDB-72798A5DEA06} = {C7979547-CE62-4867-9193-515930DAB839}
	EndGlobalSection
	GlobalSection(ExtensibilityGlobals) = postSolution
		SolutionGuid = {B7B3F524-4422-4188-9E39-03C5A698219E}
	EndGlobalSection
EndGlobal
